
Microsoft Visual Studio Solution File, Format Version 12.00
# Visual Studio 15
VisualStudioVersion = 15.0.27004.2010
MinimumVisualStudioVersion = 10.0.40219.1
Project("{FAE04EC0-301F-11D3-BF4B-00C04F79EFBC}") = "Assignment6", "Assignment6\Assignment6.csproj", "{C357DA94-4A7A-4D34-8CC6-D86C5E248160}"
EndProject
Global
	GlobalSection(SolutionConfigurationPlatforms) = preSolution
		Debug|Any CPU = Debug|Any CPU
		Release|Any CPU = Release|Any CPU
	EndGlobalSection
	GlobalSection(ProjectConfigurationPlatforms) = postSolution
		{C357DA94-4A7A-4D34-8CC6-D86C5E248160}.Debug|Any CPU.ActiveCfg = Debug|Any CPU
		{C357DA94-4A7A-4D34-8CC6-D86C5E248160}.Debug|Any CPU.Build.0 = Debug|Any CPU
		{C357DA94-4A7A-4D34-8CC6-D86C5E248160}.Release|Any CPU.ActiveCfg = Release|Any CPU
		{C357DA94-4A7A-4D34-8CC6-D86C5E248160}.Release|Any CPU.Build.0 = Release|Any CPU
	EndGlobalSection
	GlobalSection(SolutionProperties) = preSolution
		HideSolutionNode = FALSE
	EndGlobalSection
	GlobalSection(ExtensibilityGlobals) = postSolution
		SolutionGuid = {B70DA672-F77F-42D8-A4AA-39BEBB0A66A8}
	EndGlobalSection
EndGlobal
