
Microsoft Visual Studio Solution File, Format Version 12.00
# Visual Studio 15
VisualStudioVersion = 15.0.27004.2008
MinimumVisualStudioVersion = 10.0.40219.1
Project("{FAE04EC0-301F-11D3-BF4B-00C04F79EFBC}") = "Assignment5_2", "Assignment5_2\Assignment5_2.csproj", "{662B3849-4685-4AA6-A8CB-EA2B25A7AE62}"
EndProject
Global
	GlobalSection(SolutionConfigurationPlatforms) = preSolution
		Debug|Any CPU = Debug|Any CPU
		Release|Any CPU = Release|Any CPU
	EndGlobalSection
	GlobalSection(ProjectConfigurationPlatforms) = postSolution
		{662B3849-4685-4AA6-A8CB-EA2B25A7AE62}.Debug|Any CPU.ActiveCfg = Debug|Any CPU
		{662B3849-4685-4AA6-A8CB-EA2B25A7AE62}.Debug|Any CPU.Build.0 = Debug|Any CPU
		{662B3849-4685-4AA6-A8CB-EA2B25A7AE62}.Release|Any CPU.ActiveCfg = Release|Any CPU
		{662B3849-4685-4AA6-A8CB-EA2B25A7AE62}.Release|Any CPU.Build.0 = Release|Any CPU
	EndGlobalSection
	GlobalSection(SolutionProperties) = preSolution
		HideSolutionNode = FALSE
	EndGlobalSection
	GlobalSection(ExtensibilityGlobals) = postSolution
		SolutionGuid = {16C35A16-DE7B-49DA-8568-083CA9A06809}
	EndGlobalSection
EndGlobal
