
Microsoft Visual Studio Solution File, Format Version 12.00
# Visual Studio 15
VisualStudioVersion = 15.0.27004.2008
MinimumVisualStudioVersion = 10.0.40219.1
Project("{FAE04EC0-301F-11D3-BF4B-00C04F79EFBC}") = "week4", "week4\week4.csproj", "{71722939-D737-4C17-99C9-2EB4C6C70DFA}"
EndProject
Global
	GlobalSection(SolutionConfigurationPlatforms) = preSolution
		Debug|Any CPU = Debug|Any CPU
		Release|Any CPU = Release|Any CPU
	EndGlobalSection
	GlobalSection(ProjectConfigurationPlatforms) = postSolution
		{71722939-D737-4C17-99C9-2EB4C6C70DFA}.Debug|Any CPU.ActiveCfg = Debug|Any CPU
		{71722939-D737-4C17-99C9-2EB4C6C70DFA}.Debug|Any CPU.Build.0 = Debug|Any CPU
		{71722939-D737-4C17-99C9-2EB4C6C70DFA}.Release|Any CPU.ActiveCfg = Release|Any CPU
		{71722939-D737-4C17-99C9-2EB4C6C70DFA}.Release|Any CPU.Build.0 = Release|Any CPU
	EndGlobalSection
	GlobalSection(SolutionProperties) = preSolution
		HideSolutionNode = FALSE
	EndGlobalSection
	GlobalSection(ExtensibilityGlobals) = postSolution
		SolutionGuid = {86E0B65A-3F76-4930-8855-7BE8E7155B10}
	EndGlobalSection
EndGlobal
